<?xml version="1.0" encoding="UTF-8" standalone="yes" ?>
<CodeBlocks_project_file>
	<FileVersion major="1" minor="6" />
	<Project>
		<Option title="simplexpress" />
		<Option pch_mode="2" />
		<Option compiler="gcc" />
		<Build>
			<Target title="Debug">
				<Option output="bin/Debug/simplexpress" prefix_auto="1" extension_auto="1" />
				<Option object_output="obj/Debug/" />
				<Option type="1" />
				<Option compiler="gcc" />
				<Compiler>
					<Add option="-Wall" />
					<Add option="-std=c++11" />
					<Add option="-g" />
					<Add option="`pkg-config --cflags --libs icu-uc icu-io`" />
					<Add directory="include" />
				</Compiler>
			</Target>
			<Target title="Release">
				<Option output="bin/Release/simplexpress" prefix_auto="1" extension_auto="1" />
				<Option object_output="obj/Release/" />
				<Option type="1" />
				<Option compiler="gcc" />
				<Compiler>
					<Add option="-O3" />
					<Add option="-std=c++11" />
					<Add directory="include" />
				</Compiler>
				<Linker>
					<Add option="-s" />
				</Linker>
			</Target>
		</Build>
		<Compiler>
			<Add option="-Wall" />
			<Add option="-std=c++11" />
			<Add option="-g" />
			<Add option="`pkg-config --cflags --libs icu-uc icu-io`" />
		</Compiler>
		<Linker>
			<Add option="`pkg-config --libs icu-uc icu-io`" />
		</Linker>
		<Unit filename="include/Rules.hpp" />
		<Unit filename="include/Simplex.hpp" />
		<Unit filename="include/Unit.hpp" />
		<Unit filename="include/utf_tools.hpp" />
		<Unit filename="main.cpp" />
		<Unit filename="src/Rules.cpp" />
		<Unit filename="src/Simplex.cpp" />
		<Unit filename="src/Unit.cpp" />
		<Unit filename="src/utf_tools.cpp" />
		<Extensions>
			<code_completion />
			<debugger />
			<envvars />
		</Extensions>
	</Project>
</CodeBlocks_project_file>
